
Microsoft Visual Studio Solution File, Format Version 12.00
# Visual Studio Version 16
VisualStudioVersion = 16.0.32106.194
MinimumVisualStudioVersion = 10.0.40219.1
Project("{FAE04EC0-301F-11D3-BF4B-00C04F79EFBC}") = "ApiEmpleadosMultiplesGet", "ApiEmpleadosMultiplesGet\ApiEmpleadosMultiplesGet.csproj", "{F80DD58F-0EB4-4FB2-B2AB-704D13E8D730}"
EndProject
Global
	GlobalSection(SolutionConfigurationPlatforms) = preSolution
		Debug|Any CPU = Debug|Any CPU
		Release|Any CPU = Release|Any CPU
	EndGlobalSection
	GlobalSection(ProjectConfigurationPlatforms) = postSolution
		{F80DD58F-0EB4-4FB2-B2AB-704D13E8D730}.Debug|Any CPU.ActiveCfg = Debug|Any CPU
		{F80DD58F-0EB4-4FB2-B2AB-704D13E8D730}.Debug|Any CPU.Build.0 = Debug|Any CPU
		{F80DD58F-0EB4-4FB2-B2AB-704D13E8D730}.Release|Any CPU.ActiveCfg = Release|Any CPU
		{F80DD58F-0EB4-4FB2-B2AB-704D13E8D730}.Release|Any CPU.Build.0 = Release|Any CPU
	EndGlobalSection
	GlobalSection(SolutionProperties) = preSolution
		HideSolutionNode = FALSE
	EndGlobalSection
	GlobalSection(ExtensibilityGlobals) = postSolution
		SolutionGuid = {F60850CD-7C82-4944-A074-62097EBD45EF}
	EndGlobalSection
EndGlobal
